// !$*UTF8*$!
{
	archiveVersion = 1;
	classes = {
	};
	objectVersion = 46;
	objects = {

/* Begin PBXBuildFile section */
		495B9C525D4524D17F906AF2 /* Pods_spritekit_spine_sdkUITests.framework in Frameworks */ = {isa = PBXBuildFile; fileRef = C34B6E749519F7D454F2E957 /* Pods_spritekit_spine_sdkUITests.framework */; };
		535D69266D0A1E4A2B494BC5 /* Pods_spritekit_spine_sdkTests.framework in Frameworks */ = {isa = PBXBuildFile; fileRef = 58F72510B836DE9D8E837106 /* Pods_spritekit_spine_sdkTests.framework */; };
		7BE8E51834C59AA25A63A8A3 /* Pods_spritekit_spine_sdk.framework in Frameworks */ = {isa = PBXBuildFile; fileRef = A1A30BC0876F5E9211551D3F /* Pods_spritekit_spine_sdk.framework */; };
		AF594A061C34739500734C1C /* AttachmentKeyFrame.swift in Sources */ = {isa = PBXBuildFile; fileRef = AF594A051C34739500734C1C /* AttachmentKeyFrame.swift */; };
		AF594A091C34759200734C1C /* ColorTransitionKeyFrame.swift in Sources */ = {isa = PBXBuildFile; fileRef = AF594A081C34759200734C1C /* ColorTransitionKeyFrame.swift */; };
		AF594A0B1C34784A00734C1C /* DrawOrderOffset.swift in Sources */ = {isa = PBXBuildFile; fileRef = AF594A0A1C34784A00734C1C /* DrawOrderOffset.swift */; };
		AF594A0D1C3478DA00734C1C /* DrawOrderKeyFrame.swift in Sources */ = {isa = PBXBuildFile; fileRef = AF594A0C1C3478DA00734C1C /* DrawOrderKeyFrame.swift */; };
		AF594A0F1C347A2500734C1C /* SlotTimeline.swift in Sources */ = {isa = PBXBuildFile; fileRef = AF594A0E1C347A2500734C1C /* SlotTimeline.swift */; };
		AF594A111C347A4800734C1C /* BoneTimeline.swift in Sources */ = {isa = PBXBuildFile; fileRef = AF594A101C347A4800734C1C /* BoneTimeline.swift */; };
		AFC35ABE1C288A68003696C4 /* TransformationKeyFrame.swift in Sources */ = {isa = PBXBuildFile; fileRef = AFFA97CF1C260B0600C7EB2E /* TransformationKeyFrame.swift */; };
		AFC35ABF1C288AC8003696C4 /* Bone.swift in Sources */ = {isa = PBXBuildFile; fileRef = AFFA97C91C260B0600C7EB2E /* Bone.swift */; };
		AFC35AC01C288AD5003696C4 /* Attachment.swift in Sources */ = {isa = PBXBuildFile; fileRef = AFFA97C81C260B0600C7EB2E /* Attachment.swift */; };
		AFC35AC11C288AD9003696C4 /* Animation.swift in Sources */ = {isa = PBXBuildFile; fileRef = AFFA97C71C260B0600C7EB2E /* Animation.swift */; };
		AFC35AC21C288AE0003696C4 /* Event.swift in Sources */ = {isa = PBXBuildFile; fileRef = AFFA980A1C27181500C7EB2E /* Event.swift */; };
		AFC35AD61C28C53D003696C4 /* FileHelper.swift in Sources */ = {isa = PBXBuildFile; fileRef = AFC35AD21C28C53D003696C4 /* FileHelper.swift */; };
		AFC35AD71C28C53D003696C4 /* FileHelper.swift in Sources */ = {isa = PBXBuildFile; fileRef = AFC35AD21C28C53D003696C4 /* FileHelper.swift */; };
		AFC35AD81C28C53D003696C4 /* JSONDecodable.swift in Sources */ = {isa = PBXBuildFile; fileRef = AFC35AD31C28C53D003696C4 /* JSONDecodable.swift */; };
		AFC35AD91C28C53D003696C4 /* JSONDecodable.swift in Sources */ = {isa = PBXBuildFile; fileRef = AFC35AD31C28C53D003696C4 /* JSONDecodable.swift */; };
		AFC35ADC1C28C53D003696C4 /* UIColoFromHexString.swift in Sources */ = {isa = PBXBuildFile; fileRef = AFC35AD51C28C53D003696C4 /* UIColoFromHexString.swift */; };
		AFC35ADD1C28C53D003696C4 /* UIColoFromHexString.swift in Sources */ = {isa = PBXBuildFile; fileRef = AFC35AD51C28C53D003696C4 /* UIColoFromHexString.swift */; };
		AFFA97A01C26094200C7EB2E /* ViewController.swift in Sources */ = {isa = PBXBuildFile; fileRef = AFFA979D1C26094200C7EB2E /* ViewController.swift */; };
		AFFA97A31C26097800C7EB2E /* Assets.xcassets in Resources */ = {isa = PBXBuildFile; fileRef = AFFA97A11C26097800C7EB2E /* Assets.xcassets */; };
		AFFA97B31C2609EB00C7EB2E /* LaunchScreen.storyboard in Resources */ = {isa = PBXBuildFile; fileRef = AFFA97B11C2609EB00C7EB2E /* LaunchScreen.storyboard */; };
		AFFA97B41C2609EB00C7EB2E /* Main.storyboard in Resources */ = {isa = PBXBuildFile; fileRef = AFFA97B21C2609EB00C7EB2E /* Main.storyboard */; };
		AFFA97BD1C260AD800C7EB2E /* AtlasBuilder.swift in Sources */ = {isa = PBXBuildFile; fileRef = AFFA97BA1C260AD800C7EB2E /* AtlasBuilder.swift */; };
		AFFA97C01C260ADD00C7EB2E /* AtlasBuilder.swift in Sources */ = {isa = PBXBuildFile; fileRef = AFFA97BA1C260AD800C7EB2E /* AtlasBuilder.swift */; };
		AFFA97C41C260AEA00C7EB2E /* SpineParse.swift in Sources */ = {isa = PBXBuildFile; fileRef = AFFA97C31C260AEA00C7EB2E /* SpineParse.swift */; };
		AFFA97C51C260AEF00C7EB2E /* SpineParse.swift in Sources */ = {isa = PBXBuildFile; fileRef = AFFA97C31C260AEA00C7EB2E /* SpineParse.swift */; };
		AFFA97D01C260B0600C7EB2E /* Animation.swift in Sources */ = {isa = PBXBuildFile; fileRef = AFFA97C71C260B0600C7EB2E /* Animation.swift */; };
		AFFA97D21C260B0600C7EB2E /* Attachment.swift in Sources */ = {isa = PBXBuildFile; fileRef = AFFA97C81C260B0600C7EB2E /* Attachment.swift */; };
		AFFA97D41C260B0600C7EB2E /* Bone.swift in Sources */ = {isa = PBXBuildFile; fileRef = AFFA97C91C260B0600C7EB2E /* Bone.swift */; };
		AFFA97D61C260B0600C7EB2E /* Curve.swift in Sources */ = {isa = PBXBuildFile; fileRef = AFFA97CA1C260B0600C7EB2E /* Curve.swift */; };
		AFFA97D71C260B0600C7EB2E /* Curve.swift in Sources */ = {isa = PBXBuildFile; fileRef = AFFA97CA1C260B0600C7EB2E /* Curve.swift */; };
		AFFA97D81C260B0600C7EB2E /* Skin.swift in Sources */ = {isa = PBXBuildFile; fileRef = AFFA97CB1C260B0600C7EB2E /* Skin.swift */; };
		AFFA97D91C260B0600C7EB2E /* Skin.swift in Sources */ = {isa = PBXBuildFile; fileRef = AFFA97CB1C260B0600C7EB2E /* Skin.swift */; };
		AFFA97DA1C260B0600C7EB2E /* Slot.swift in Sources */ = {isa = PBXBuildFile; fileRef = AFFA97CC1C260B0600C7EB2E /* Slot.swift */; };
		AFFA97DB1C260B0600C7EB2E /* Slot.swift in Sources */ = {isa = PBXBuildFile; fileRef = AFFA97CC1C260B0600C7EB2E /* Slot.swift */; };
		AFFA97DC1C260B0600C7EB2E /* Skeleton.swift in Sources */ = {isa = PBXBuildFile; fileRef = AFFA97CD1C260B0600C7EB2E /* Skeleton.swift */; };
		AFFA97DD1C260B0600C7EB2E /* Skeleton.swift in Sources */ = {isa = PBXBuildFile; fileRef = AFFA97CD1C260B0600C7EB2E /* Skeleton.swift */; };
		AFFA97E01C260B0600C7EB2E /* TransformationKeyFrame.swift in Sources */ = {isa = PBXBuildFile; fileRef = AFFA97CF1C260B0600C7EB2E /* TransformationKeyFrame.swift */; };
		AFFA97E61C260B1D00C7EB2E /* example.json in Resources */ = {isa = PBXBuildFile; fileRef = AFFA97E31C260B1D00C7EB2E /* example.json */; };
		AFFA97E71C260B1D00C7EB2E /* example.json in Resources */ = {isa = PBXBuildFile; fileRef = AFFA97E31C260B1D00C7EB2E /* example.json */; };
		AFFA97E91C260B2A00C7EB2E /* SpineBuilder.swift in Sources */ = {isa = PBXBuildFile; fileRef = AFFA97E81C260B2A00C7EB2E /* SpineBuilder.swift */; };
		AFFA97F81C260BCF00C7EB2E /* SpineParseTests.swift in Sources */ = {isa = PBXBuildFile; fileRef = AFFA97F71C260BCF00C7EB2E /* SpineParseTests.swift */; };
		AFFA97FB1C260C4F00C7EB2E /* AppDelegate.swift in Sources */ = {isa = PBXBuildFile; fileRef = AFFA97F91C260C4F00C7EB2E /* AppDelegate.swift */; };
		AFFA97FC1C260C4F00C7EB2E /* AppDelegate.swift in Sources */ = {isa = PBXBuildFile; fileRef = AFFA97F91C260C4F00C7EB2E /* AppDelegate.swift */; };
		AFFA97FD1C260C4F00C7EB2E /* Info.plist in Resources */ = {isa = PBXBuildFile; fileRef = AFFA97FA1C260C4F00C7EB2E /* Info.plist */; };
		AFFA97FE1C260C4F00C7EB2E /* Info.plist in Resources */ = {isa = PBXBuildFile; fileRef = AFFA97FA1C260C4F00C7EB2E /* Info.plist */; };
		AFFA98011C26105C00C7EB2E /* AtlasBuilderTests.swift in Sources */ = {isa = PBXBuildFile; fileRef = AFFA97FF1C26105C00C7EB2E /* AtlasBuilderTests.swift */; };
		AFFA98051C26172200C7EB2E /* SpineBuilder.swift in Sources */ = {isa = PBXBuildFile; fileRef = AFFA97E81C260B2A00C7EB2E /* SpineBuilder.swift */; };
		AFFA980B1C27181500C7EB2E /* Event.swift in Sources */ = {isa = PBXBuildFile; fileRef = AFFA980A1C27181500C7EB2E /* Event.swift */; };
/* End PBXBuildFile section */

/* Begin PBXContainerItemProxy section */
		AFE6FECC1C25B69500F3C05B /* PBXContainerItemProxy */ = {
			isa = PBXContainerItemProxy;
			containerPortal = AFE6FEAF1C25B69500F3C05B /* Project object */;
			proxyType = 1;
			remoteGlobalIDString = AFE6FEB61C25B69500F3C05B;
			remoteInfo = "spritekit-spine-sdk";
		};
		AFE6FED71C25B69500F3C05B /* PBXContainerItemProxy */ = {
			isa = PBXContainerItemProxy;
			containerPortal = AFE6FEAF1C25B69500F3C05B /* Project object */;
			proxyType = 1;
			remoteGlobalIDString = AFE6FEB61C25B69500F3C05B;
			remoteInfo = "spritekit-spine-sdk";
		};
/* End PBXContainerItemProxy section */

/* Begin PBXFileReference section */
		328361F80DC0F08B167CEB66 /* Pods-spritekit-spine-sdkTests.debug.xcconfig */ = {isa = PBXFileReference; includeInIndex = 1; lastKnownFileType = text.xcconfig; name = "Pods-spritekit-spine-sdkTests.debug.xcconfig"; path = "Pods/Target Support Files/Pods-spritekit-spine-sdkTests/Pods-spritekit-spine-sdkTests.debug.xcconfig"; sourceTree = "<group>"; };
		58F72510B836DE9D8E837106 /* Pods_spritekit_spine_sdkTests.framework */ = {isa = PBXFileReference; explicitFileType = wrapper.framework; includeInIndex = 0; path = Pods_spritekit_spine_sdkTests.framework; sourceTree = BUILT_PRODUCTS_DIR; };
		76E599648664252228A3A078 /* Pods-spritekit-spine-sdk.debug.xcconfig */ = {isa = PBXFileReference; includeInIndex = 1; lastKnownFileType = text.xcconfig; name = "Pods-spritekit-spine-sdk.debug.xcconfig"; path = "Pods/Target Support Files/Pods-spritekit-spine-sdk/Pods-spritekit-spine-sdk.debug.xcconfig"; sourceTree = "<group>"; };
		7A613556B70DFEB330B2E2C1 /* Pods-spritekit-spine-sdkUITests.release.xcconfig */ = {isa = PBXFileReference; includeInIndex = 1; lastKnownFileType = text.xcconfig; name = "Pods-spritekit-spine-sdkUITests.release.xcconfig"; path = "Pods/Target Support Files/Pods-spritekit-spine-sdkUITests/Pods-spritekit-spine-sdkUITests.release.xcconfig"; sourceTree = "<group>"; };
		A1A30BC0876F5E9211551D3F /* Pods_spritekit_spine_sdk.framework */ = {isa = PBXFileReference; explicitFileType = wrapper.framework; includeInIndex = 0; path = Pods_spritekit_spine_sdk.framework; sourceTree = BUILT_PRODUCTS_DIR; };
		AADCF618375CEE16E9AA3223 /* Pods-spritekit-spine-sdkUITests.debug.xcconfig */ = {isa = PBXFileReference; includeInIndex = 1; lastKnownFileType = text.xcconfig; name = "Pods-spritekit-spine-sdkUITests.debug.xcconfig"; path = "Pods/Target Support Files/Pods-spritekit-spine-sdkUITests/Pods-spritekit-spine-sdkUITests.debug.xcconfig"; sourceTree = "<group>"; };
		AF594A051C34739500734C1C /* AttachmentKeyFrame.swift */ = {isa = PBXFileReference; fileEncoding = 4; lastKnownFileType = sourcecode.swift; path = AttachmentKeyFrame.swift; sourceTree = "<group>"; };
		AF594A081C34759200734C1C /* ColorTransitionKeyFrame.swift */ = {isa = PBXFileReference; fileEncoding = 4; lastKnownFileType = sourcecode.swift; path = ColorTransitionKeyFrame.swift; sourceTree = "<group>"; };
		AF594A0A1C34784A00734C1C /* DrawOrderOffset.swift */ = {isa = PBXFileReference; fileEncoding = 4; lastKnownFileType = sourcecode.swift; path = DrawOrderOffset.swift; sourceTree = "<group>"; };
		AF594A0C1C3478DA00734C1C /* DrawOrderKeyFrame.swift */ = {isa = PBXFileReference; fileEncoding = 4; lastKnownFileType = sourcecode.swift; path = DrawOrderKeyFrame.swift; sourceTree = "<group>"; };
		AF594A0E1C347A2500734C1C /* SlotTimeline.swift */ = {isa = PBXFileReference; fileEncoding = 4; lastKnownFileType = sourcecode.swift; path = SlotTimeline.swift; sourceTree = "<group>"; };
		AF594A101C347A4800734C1C /* BoneTimeline.swift */ = {isa = PBXFileReference; fileEncoding = 4; lastKnownFileType = sourcecode.swift; path = BoneTimeline.swift; sourceTree = "<group>"; };
		AFC35AD21C28C53D003696C4 /* FileHelper.swift */ = {isa = PBXFileReference; fileEncoding = 4; lastKnownFileType = sourcecode.swift; path = FileHelper.swift; sourceTree = "<group>"; };
		AFC35AD31C28C53D003696C4 /* JSONDecodable.swift */ = {isa = PBXFileReference; fileEncoding = 4; lastKnownFileType = sourcecode.swift; path = JSONDecodable.swift; sourceTree = "<group>"; };
		AFC35AD51C28C53D003696C4 /* UIColoFromHexString.swift */ = {isa = PBXFileReference; fileEncoding = 4; lastKnownFileType = sourcecode.swift; path = UIColoFromHexString.swift; sourceTree = "<group>"; };
		AFE6FEB71C25B69500F3C05B /* spritekit-spine-sdk.app */ = {isa = PBXFileReference; explicitFileType = wrapper.application; includeInIndex = 0; path = "spritekit-spine-sdk.app"; sourceTree = BUILT_PRODUCTS_DIR; };
		AFE6FECB1C25B69500F3C05B /* spritekit-spine-sdkTests.xctest */ = {isa = PBXFileReference; explicitFileType = wrapper.cfbundle; includeInIndex = 0; path = "spritekit-spine-sdkTests.xctest"; sourceTree = BUILT_PRODUCTS_DIR; };
		AFE6FED11C25B69500F3C05B /* Info.plist */ = {isa = PBXFileReference; lastKnownFileType = text.plist.xml; path = Info.plist; sourceTree = "<group>"; };
		AFE6FED61C25B69500F3C05B /* spritekit-spine-sdkUITests.xctest */ = {isa = PBXFileReference; explicitFileType = wrapper.cfbundle; includeInIndex = 0; path = "spritekit-spine-sdkUITests.xctest"; sourceTree = BUILT_PRODUCTS_DIR; };
		AFE6FEDC1C25B69500F3C05B /* Info.plist */ = {isa = PBXFileReference; lastKnownFileType = text.plist.xml; path = Info.plist; sourceTree = "<group>"; };
		AFFA979A1C26094200C7EB2E /* spritekit-spine-sdk-Bridging-Header.h */ = {isa = PBXFileReference; lastKnownFileType = sourcecode.c.h; path = "spritekit-spine-sdk-Bridging-Header.h"; sourceTree = "<group>"; };
		AFFA979D1C26094200C7EB2E /* ViewController.swift */ = {isa = PBXFileReference; fileEncoding = 4; lastKnownFileType = sourcecode.swift; path = ViewController.swift; sourceTree = "<group>"; };
		AFFA97A11C26097800C7EB2E /* Assets.xcassets */ = {isa = PBXFileReference; lastKnownFileType = folder.assetcatalog; path = Assets.xcassets; sourceTree = "<group>"; };
		AFFA97B11C2609EB00C7EB2E /* LaunchScreen.storyboard */ = {isa = PBXFileReference; fileEncoding = 4; lastKnownFileType = file.storyboard; path = LaunchScreen.storyboard; sourceTree = "<group>"; };
		AFFA97B21C2609EB00C7EB2E /* Main.storyboard */ = {isa = PBXFileReference; fileEncoding = 4; lastKnownFileType = file.storyboard; path = Main.storyboard; sourceTree = "<group>"; };
		AFFA97BA1C260AD800C7EB2E /* AtlasBuilder.swift */ = {isa = PBXFileReference; fileEncoding = 4; lastKnownFileType = sourcecode.swift; path = AtlasBuilder.swift; sourceTree = "<group>"; };
		AFFA97C31C260AEA00C7EB2E /* SpineParse.swift */ = {isa = PBXFileReference; fileEncoding = 4; lastKnownFileType = sourcecode.swift; path = SpineParse.swift; sourceTree = "<group>"; };
		AFFA97C71C260B0600C7EB2E /* Animation.swift */ = {isa = PBXFileReference; fileEncoding = 4; lastKnownFileType = sourcecode.swift; path = Animation.swift; sourceTree = "<group>"; };
		AFFA97C81C260B0600C7EB2E /* Attachment.swift */ = {isa = PBXFileReference; fileEncoding = 4; lastKnownFileType = sourcecode.swift; path = Attachment.swift; sourceTree = "<group>"; };
		AFFA97C91C260B0600C7EB2E /* Bone.swift */ = {isa = PBXFileReference; fileEncoding = 4; lastKnownFileType = sourcecode.swift; path = Bone.swift; sourceTree = "<group>"; };
		AFFA97CA1C260B0600C7EB2E /* Curve.swift */ = {isa = PBXFileReference; fileEncoding = 4; lastKnownFileType = sourcecode.swift; path = Curve.swift; sourceTree = "<group>"; };
		AFFA97CB1C260B0600C7EB2E /* Skin.swift */ = {isa = PBXFileReference; fileEncoding = 4; lastKnownFileType = sourcecode.swift; path = Skin.swift; sourceTree = "<group>"; };
		AFFA97CC1C260B0600C7EB2E /* Slot.swift */ = {isa = PBXFileReference; fileEncoding = 4; lastKnownFileType = sourcecode.swift; path = Slot.swift; sourceTree = "<group>"; };
		AFFA97CD1C260B0600C7EB2E /* Skeleton.swift */ = {isa = PBXFileReference; fileEncoding = 4; lastKnownFileType = sourcecode.swift; path = Skeleton.swift; sourceTree = "<group>"; };
		AFFA97CF1C260B0600C7EB2E /* TransformationKeyFrame.swift */ = {isa = PBXFileReference; fileEncoding = 4; lastKnownFileType = sourcecode.swift; path = TransformationKeyFrame.swift; sourceTree = "<group>"; };
		AFFA97E31C260B1D00C7EB2E /* example.json */ = {isa = PBXFileReference; fileEncoding = 4; lastKnownFileType = text.json; path = example.json; sourceTree = "<group>"; };
		AFFA97E81C260B2A00C7EB2E /* SpineBuilder.swift */ = {isa = PBXFileReference; fileEncoding = 4; lastKnownFileType = sourcecode.swift; path = SpineBuilder.swift; sourceTree = "<group>"; };
		AFFA97F71C260BCF00C7EB2E /* SpineParseTests.swift */ = {isa = PBXFileReference; fileEncoding = 4; lastKnownFileType = sourcecode.swift; path = SpineParseTests.swift; sourceTree = "<group>"; };
		AFFA97F91C260C4F00C7EB2E /* AppDelegate.swift */ = {isa = PBXFileReference; fileEncoding = 4; lastKnownFileType = sourcecode.swift; path = AppDelegate.swift; sourceTree = "<group>"; };
		AFFA97FA1C260C4F00C7EB2E /* Info.plist */ = {isa = PBXFileReference; fileEncoding = 4; lastKnownFileType = text.plist.xml; path = Info.plist; sourceTree = "<group>"; };
		AFFA97FF1C26105C00C7EB2E /* AtlasBuilderTests.swift */ = {isa = PBXFileReference; fileEncoding = 4; lastKnownFileType = sourcecode.swift; path = AtlasBuilderTests.swift; sourceTree = "<group>"; };
		AFFA980A1C27181500C7EB2E /* Event.swift */ = {isa = PBXFileReference; fileEncoding = 4; lastKnownFileType = sourcecode.swift; path = Event.swift; sourceTree = "<group>"; };
		C1BC88533B6110C7615961CD /* Pods-spritekit-spine-sdkTests.release.xcconfig */ = {isa = PBXFileReference; includeInIndex = 1; lastKnownFileType = text.xcconfig; name = "Pods-spritekit-spine-sdkTests.release.xcconfig"; path = "Pods/Target Support Files/Pods-spritekit-spine-sdkTests/Pods-spritekit-spine-sdkTests.release.xcconfig"; sourceTree = "<group>"; };
		C34B6E749519F7D454F2E957 /* Pods_spritekit_spine_sdkUITests.framework */ = {isa = PBXFileReference; explicitFileType = wrapper.framework; includeInIndex = 0; path = Pods_spritekit_spine_sdkUITests.framework; sourceTree = BUILT_PRODUCTS_DIR; };
		D9364CCF4F3CF966D6C685C5 /* Pods-spritekit-spine-sdk.release.xcconfig */ = {isa = PBXFileReference; includeInIndex = 1; lastKnownFileType = text.xcconfig; name = "Pods-spritekit-spine-sdk.release.xcconfig"; path = "Pods/Target Support Files/Pods-spritekit-spine-sdk/Pods-spritekit-spine-sdk.release.xcconfig"; sourceTree = "<group>"; };
/* End PBXFileReference section */

/* Begin PBXFrameworksBuildPhase section */
		AFE6FEB41C25B69500F3C05B /* Frameworks */ = {
			isa = PBXFrameworksBuildPhase;
			buildActionMask = 2147483647;
			files = (
				7BE8E51834C59AA25A63A8A3 /* Pods_spritekit_spine_sdk.framework in Frameworks */,
			);
			runOnlyForDeploymentPostprocessing = 0;
		};
		AFE6FEC81C25B69500F3C05B /* Frameworks */ = {
			isa = PBXFrameworksBuildPhase;
			buildActionMask = 2147483647;
			files = (
				535D69266D0A1E4A2B494BC5 /* Pods_spritekit_spine_sdkTests.framework in Frameworks */,
			);
			runOnlyForDeploymentPostprocessing = 0;
		};
		AFE6FED31C25B69500F3C05B /* Frameworks */ = {
			isa = PBXFrameworksBuildPhase;
			buildActionMask = 2147483647;
			files = (
				495B9C525D4524D17F906AF2 /* Pods_spritekit_spine_sdkUITests.framework in Frameworks */,
			);
			runOnlyForDeploymentPostprocessing = 0;
		};
/* End PBXFrameworksBuildPhase section */

/* Begin PBXGroup section */
		864FD276659194676B366868 /* Pods */ = {
			isa = PBXGroup;
			children = (
				76E599648664252228A3A078 /* Pods-spritekit-spine-sdk.debug.xcconfig */,
				D9364CCF4F3CF966D6C685C5 /* Pods-spritekit-spine-sdk.release.xcconfig */,
				328361F80DC0F08B167CEB66 /* Pods-spritekit-spine-sdkTests.debug.xcconfig */,
				C1BC88533B6110C7615961CD /* Pods-spritekit-spine-sdkTests.release.xcconfig */,
				AADCF618375CEE16E9AA3223 /* Pods-spritekit-spine-sdkUITests.debug.xcconfig */,
				7A613556B70DFEB330B2E2C1 /* Pods-spritekit-spine-sdkUITests.release.xcconfig */,
			);
			name = Pods;
			sourceTree = "<group>";
		};
		9804DEC478A3CCB4F4A41D36 /* Frameworks */ = {
			isa = PBXGroup;
			children = (
				A1A30BC0876F5E9211551D3F /* Pods_spritekit_spine_sdk.framework */,
				58F72510B836DE9D8E837106 /* Pods_spritekit_spine_sdkTests.framework */,
				C34B6E749519F7D454F2E957 /* Pods_spritekit_spine_sdkUITests.framework */,
			);
			name = Frameworks;
			sourceTree = "<group>";
		};
		AF594A071C34756500734C1C /* keyframes */ = {
			isa = PBXGroup;
			children = (
				AF594A051C34739500734C1C /* AttachmentKeyFrame.swift */,
				AF594A081C34759200734C1C /* ColorTransitionKeyFrame.swift */,
				AFFA97CA1C260B0600C7EB2E /* Curve.swift */,
				AF594A0C1C3478DA00734C1C /* DrawOrderKeyFrame.swift */,
				AF594A0A1C34784A00734C1C /* DrawOrderOffset.swift */,
				AFFA97CF1C260B0600C7EB2E /* TransformationKeyFrame.swift */,
			);
			name = keyframes;
			sourceTree = "<group>";
		};
		AF594A141C347B8600734C1C /* animation */ = {
			isa = PBXGroup;
			children = (
				AF594A071C34756500734C1C /* keyframes */,
				AFFA97C71C260B0600C7EB2E /* Animation.swift */,
				AF594A101C347A4800734C1C /* BoneTimeline.swift */,
				AF594A0E1C347A2500734C1C /* SlotTimeline.swift */,
			);
			name = animation;
			sourceTree = "<group>";
		};
		AF594A151C347BCE00734C1C /* skin */ = {
			isa = PBXGroup;
			children = (
				AFFA97CB1C260B0600C7EB2E /* Skin.swift */,
				AFFA97C81C260B0600C7EB2E /* Attachment.swift */,
			);
			name = skin;
			sourceTree = "<group>";
		};
		AFE6FEAE1C25B69500F3C05B = {
			isa = PBXGroup;
			children = (
				AFE6FEB91C25B69500F3C05B /* spritekit-spine-sdk */,
				AFE6FECE1C25B69500F3C05B /* spritekit-spine-sdkTests */,
				AFE6FED91C25B69500F3C05B /* spritekit-spine-sdkUITests */,
				AFE6FEB81C25B69500F3C05B /* Products */,
				864FD276659194676B366868 /* Pods */,
				9804DEC478A3CCB4F4A41D36 /* Frameworks */,
			);
			sourceTree = "<group>";
		};
		AFE6FEB81C25B69500F3C05B /* Products */ = {
			isa = PBXGroup;
			children = (
				AFE6FEB71C25B69500F3C05B /* spritekit-spine-sdk.app */,
				AFE6FECB1C25B69500F3C05B /* spritekit-spine-sdkTests.xctest */,
				AFE6FED61C25B69500F3C05B /* spritekit-spine-sdkUITests.xctest */,
			);
			name = Products;
			sourceTree = "<group>";
		};
		AFE6FEB91C25B69500F3C05B /* spritekit-spine-sdk */ = {
			isa = PBXGroup;
			children = (
				AFFA97B51C2609F700C7EB2E /* atlas */,
				AFFA97B61C260A0300C7EB2E /* data */,
				AFE6FEE81C25B84D00F3C05B /* main */,
				AFFA97B81C260A2D00C7EB2E /* resources */,
				AFFA97B71C260A0900C7EB2E /* spritekit */,
				AFFA97B91C260A6F00C7EB2E /* utils */,
			);
			path = "spritekit-spine-sdk";
			sourceTree = "<group>";
		};
		AFE6FECE1C25B69500F3C05B /* spritekit-spine-sdkTests */ = {
			isa = PBXGroup;
			children = (
				AFFA97F71C260BCF00C7EB2E /* SpineParseTests.swift */,
				AFFA97FF1C26105C00C7EB2E /* AtlasBuilderTests.swift */,
				AFE6FED11C25B69500F3C05B /* Info.plist */,
			);
			path = "spritekit-spine-sdkTests";
			sourceTree = "<group>";
		};
		AFE6FED91C25B69500F3C05B /* spritekit-spine-sdkUITests */ = {
			isa = PBXGroup;
			children = (
				AFE6FEDC1C25B69500F3C05B /* Info.plist */,
			);
			path = "spritekit-spine-sdkUITests";
			sourceTree = "<group>";
		};
		AFE6FEE81C25B84D00F3C05B /* main */ = {
			isa = PBXGroup;
			children = (
				AFFA97F91C260C4F00C7EB2E /* AppDelegate.swift */,
				AFFA97FA1C260C4F00C7EB2E /* Info.plist */,
				AFFA97A11C26097800C7EB2E /* Assets.xcassets */,
				AFFA97B11C2609EB00C7EB2E /* LaunchScreen.storyboard */,
				AFFA97B21C2609EB00C7EB2E /* Main.storyboard */,
				AFFA979D1C26094200C7EB2E /* ViewController.swift */,
				AFFA979A1C26094200C7EB2E /* spritekit-spine-sdk-Bridging-Header.h */,
			);
			path = main;
			sourceTree = "<group>";
		};
		AFFA97B51C2609F700C7EB2E /* atlas */ = {
			isa = PBXGroup;
			children = (
				AFFA97BA1C260AD800C7EB2E /* AtlasBuilder.swift */,
			);
			path = atlas;
			sourceTree = "<group>";
		};
		AFFA97B61C260A0300C7EB2E /* data */ = {
			isa = PBXGroup;
			children = (
				AFFA97C61C260AF400C7EB2E /* struct */,
				AFFA97C31C260AEA00C7EB2E /* SpineParse.swift */,
			);
			path = data;
			sourceTree = "<group>";
		};
		AFFA97B71C260A0900C7EB2E /* spritekit */ = {
			isa = PBXGroup;
			children = (
				AFFA97E81C260B2A00C7EB2E /* SpineBuilder.swift */,
			);
			path = spritekit;
			sourceTree = "<group>";
		};
		AFFA97B81C260A2D00C7EB2E /* resources */ = {
			isa = PBXGroup;
			children = (
				AFFA97E31C260B1D00C7EB2E /* example.json */,
			);
			path = resources;
			sourceTree = "<group>";
		};
		AFFA97B91C260A6F00C7EB2E /* utils */ = {
			isa = PBXGroup;
			children = (
				AFC35AD31C28C53D003696C4 /* JSONDecodable.swift */,
				AFC35AD21C28C53D003696C4 /* FileHelper.swift */,
				AFC35AD51C28C53D003696C4 /* UIColoFromHexString.swift */,
			);
			path = utils;
			sourceTree = "<group>";
		};
		AFFA97C61C260AF400C7EB2E /* struct */ = {
			isa = PBXGroup;
			children = (
				AF594A151C347BCE00734C1C /* skin */,
				AF594A141C347B8600734C1C /* animation */,
				AFFA97C91C260B0600C7EB2E /* Bone.swift */,
				AFFA980A1C27181500C7EB2E /* Event.swift */,
				AFFA97CD1C260B0600C7EB2E /* Skeleton.swift */,
				AFFA97CC1C260B0600C7EB2E /* Slot.swift */,
			);
			name = struct;
			path = structs;
			sourceTree = "<group>";
		};
/* End PBXGroup section */

/* Begin PBXNativeTarget section */
		AFE6FEB61C25B69500F3C05B /* spritekit-spine-sdk */ = {
			isa = PBXNativeTarget;
			buildConfigurationList = AFE6FEDF1C25B69500F3C05B /* Build configuration list for PBXNativeTarget "spritekit-spine-sdk" */;
			buildPhases = (
				6BDC3C756DA23BB95645792E /* Check Pods Manifest.lock */,
				AFE6FEB31C25B69500F3C05B /* Sources */,
				AFE6FEB41C25B69500F3C05B /* Frameworks */,
				AFE6FEB51C25B69500F3C05B /* Resources */,
				E9AC40CBD9B0D5FBF5D6BCCF /* Embed Pods Frameworks */,
				E7803BA7E4BACCD58280C742 /* Copy Pods Resources */,
			);
			buildRules = (
			);
			dependencies = (
			);
			name = "spritekit-spine-sdk";
			productName = "spritekit-spine-sdk";
			productReference = AFE6FEB71C25B69500F3C05B /* spritekit-spine-sdk.app */;
			productType = "com.apple.product-type.application";
		};
		AFE6FECA1C25B69500F3C05B /* spritekit-spine-sdkTests */ = {
			isa = PBXNativeTarget;
			buildConfigurationList = AFE6FEE21C25B69500F3C05B /* Build configuration list for PBXNativeTarget "spritekit-spine-sdkTests" */;
			buildPhases = (
				280EC9440390E29B496FE56A /* Check Pods Manifest.lock */,
				AFE6FEC71C25B69500F3C05B /* Sources */,
				AFE6FEC81C25B69500F3C05B /* Frameworks */,
				AFE6FEC91C25B69500F3C05B /* Resources */,
				9839898598DBA758E7FEFE04 /* Embed Pods Frameworks */,
				00EAA103F0C3F11FF2E18D50 /* Copy Pods Resources */,
			);
			buildRules = (
			);
			dependencies = (
				AFE6FECD1C25B69500F3C05B /* PBXTargetDependency */,
			);
			name = "spritekit-spine-sdkTests";
			productName = "spritekit-spine-sdkTests";
			productReference = AFE6FECB1C25B69500F3C05B /* spritekit-spine-sdkTests.xctest */;
			productType = "com.apple.product-type.bundle.unit-test";
		};
		AFE6FED51C25B69500F3C05B /* spritekit-spine-sdkUITests */ = {
			isa = PBXNativeTarget;
			buildConfigurationList = AFE6FEE51C25B69500F3C05B /* Build configuration list for PBXNativeTarget "spritekit-spine-sdkUITests" */;
			buildPhases = (
				2F5A269110BF0EF1550A40FD /* Check Pods Manifest.lock */,
				AFE6FED21C25B69500F3C05B /* Sources */,
				AFE6FED31C25B69500F3C05B /* Frameworks */,
				AFE6FED41C25B69500F3C05B /* Resources */,
				98056F19E5BAC0665004A51A /* Copy Pods Resources */,
			);
			buildRules = (
			);
			dependencies = (
				AFE6FED81C25B69500F3C05B /* PBXTargetDependency */,
			);
			name = "spritekit-spine-sdkUITests";
			productName = "spritekit-spine-sdkUITests";
			productReference = AFE6FED61C25B69500F3C05B /* spritekit-spine-sdkUITests.xctest */;
			productType = "com.apple.product-type.bundle.ui-testing";
		};
/* End PBXNativeTarget section */

/* Begin PBXProject section */
		AFE6FEAF1C25B69500F3C05B /* Project object */ = {
			isa = PBXProject;
			attributes = {
				LastSwiftUpdateCheck = 0720;
				LastUpgradeCheck = 0720;
				ORGANIZATIONNAME = "Thiago Medeiros dos Santos";
				TargetAttributes = {
					AFE6FEB61C25B69500F3C05B = {
						CreatedOnToolsVersion = 7.2;
					};
					AFE6FECA1C25B69500F3C05B = {
						CreatedOnToolsVersion = 7.2;
						TestTargetID = AFE6FEB61C25B69500F3C05B;
					};
					AFE6FED51C25B69500F3C05B = {
						CreatedOnToolsVersion = 7.2;
						TestTargetID = AFE6FEB61C25B69500F3C05B;
					};
				};
			};
			buildConfigurationList = AFE6FEB21C25B69500F3C05B /* Build configuration list for PBXProject "spritekit-spine-sdk" */;
			compatibilityVersion = "Xcode 3.2";
			developmentRegion = English;
			hasScannedForEncodings = 0;
			knownRegions = (
				en,
				Base,
			);
			mainGroup = AFE6FEAE1C25B69500F3C05B;
			productRefGroup = AFE6FEB81C25B69500F3C05B /* Products */;
			projectDirPath = "";
			projectRoot = "";
			targets = (
				AFE6FEB61C25B69500F3C05B /* spritekit-spine-sdk */,
				AFE6FECA1C25B69500F3C05B /* spritekit-spine-sdkTests */,
				AFE6FED51C25B69500F3C05B /* spritekit-spine-sdkUITests */,
			);
		};
/* End PBXProject section */

/* Begin PBXResourcesBuildPhase section */
		AFE6FEB51C25B69500F3C05B /* Resources */ = {
			isa = PBXResourcesBuildPhase;
			buildActionMask = 2147483647;
			files = (
				AFFA97B31C2609EB00C7EB2E /* LaunchScreen.storyboard in Resources */,
				AFFA97A31C26097800C7EB2E /* Assets.xcassets in Resources */,
				AFFA97FD1C260C4F00C7EB2E /* Info.plist in Resources */,
				AFFA97E61C260B1D00C7EB2E /* example.json in Resources */,
				AFFA97B41C2609EB00C7EB2E /* Main.storyboard in Resources */,
			);
			runOnlyForDeploymentPostprocessing = 0;
		};
		AFE6FEC91C25B69500F3C05B /* Resources */ = {
			isa = PBXResourcesBuildPhase;
			buildActionMask = 2147483647;
			files = (
				AFFA97E71C260B1D00C7EB2E /* example.json in Resources */,
				AFFA97FE1C260C4F00C7EB2E /* Info.plist in Resources */,
			);
			runOnlyForDeploymentPostprocessing = 0;
		};
		AFE6FED41C25B69500F3C05B /* Resources */ = {
			isa = PBXResourcesBuildPhase;
			buildActionMask = 2147483647;
			files = (
			);
			runOnlyForDeploymentPostprocessing = 0;
		};
/* End PBXResourcesBuildPhase section */

/* Begin PBXShellScriptBuildPhase section */
		00EAA103F0C3F11FF2E18D50 /* Copy Pods Resources */ = {
			isa = PBXShellScriptBuildPhase;
			buildActionMask = 2147483647;
			files = (
			);
			inputPaths = (
			);
			name = "Copy Pods Resources";
			outputPaths = (
			);
			runOnlyForDeploymentPostprocessing = 0;
			shellPath = /bin/sh;
			shellScript = "\"${SRCROOT}/Pods/Target Support Files/Pods-spritekit-spine-sdkTests/Pods-spritekit-spine-sdkTests-resources.sh\"\n";
			showEnvVarsInLog = 0;
		};
		280EC9440390E29B496FE56A /* Check Pods Manifest.lock */ = {
			isa = PBXShellScriptBuildPhase;
			buildActionMask = 2147483647;
			files = (
			);
			inputPaths = (
			);
			name = "Check Pods Manifest.lock";
			outputPaths = (
			);
			runOnlyForDeploymentPostprocessing = 0;
			shellPath = /bin/sh;
			shellScript = "diff \"${PODS_ROOT}/../Podfile.lock\" \"${PODS_ROOT}/Manifest.lock\" > /dev/null\nif [[ $? != 0 ]] ; then\n    cat << EOM\nerror: The sandbox is not in sync with the Podfile.lock. Run 'pod install' or update your CocoaPods installation.\nEOM\n    exit 1\nfi\n";
			showEnvVarsInLog = 0;
		};
		2F5A269110BF0EF1550A40FD /* Check Pods Manifest.lock */ = {
			isa = PBXShellScriptBuildPhase;
			buildActionMask = 2147483647;
			files = (
			);
			inputPaths = (
			);
			name = "Check Pods Manifest.lock";
			outputPaths = (
			);
			runOnlyForDeploymentPostprocessing = 0;
			shellPath = /bin/sh;
			shellScript = "diff \"${PODS_ROOT}/../Podfile.lock\" \"${PODS_ROOT}/Manifest.lock\" > /dev/null\nif [[ $? != 0 ]] ; then\n    cat << EOM\nerror: The sandbox is not in sync with the Podfile.lock. Run 'pod install' or update your CocoaPods installation.\nEOM\n    exit 1\nfi\n";
			showEnvVarsInLog = 0;
		};
		6BDC3C756DA23BB95645792E /* Check Pods Manifest.lock */ = {
			isa = PBXShellScriptBuildPhase;
			buildActionMask = 2147483647;
			files = (
			);
			inputPaths = (
			);
			name = "Check Pods Manifest.lock";
			outputPaths = (
			);
			runOnlyForDeploymentPostprocessing = 0;
			shellPath = /bin/sh;
			shellScript = "diff \"${PODS_ROOT}/../Podfile.lock\" \"${PODS_ROOT}/Manifest.lock\" > /dev/null\nif [[ $? != 0 ]] ; then\n    cat << EOM\nerror: The sandbox is not in sync with the Podfile.lock. Run 'pod install' or update your CocoaPods installation.\nEOM\n    exit 1\nfi\n";
			showEnvVarsInLog = 0;
		};
		98056F19E5BAC0665004A51A /* Copy Pods Resources */ = {
			isa = PBXShellScriptBuildPhase;
			buildActionMask = 2147483647;
			files = (
			);
			inputPaths = (
			);
			name = "Copy Pods Resources";
			outputPaths = (
			);
			runOnlyForDeploymentPostprocessing = 0;
			shellPath = /bin/sh;
			shellScript = "\"${SRCROOT}/Pods/Target Support Files/Pods-spritekit-spine-sdkUITests/Pods-spritekit-spine-sdkUITests-resources.sh\"\n";
			showEnvVarsInLog = 0;
		};
		9839898598DBA758E7FEFE04 /* Embed Pods Frameworks */ = {
			isa = PBXShellScriptBuildPhase;
			buildActionMask = 2147483647;
			files = (
			);
			inputPaths = (
			);
			name = "Embed Pods Frameworks";
			outputPaths = (
			);
			runOnlyForDeploymentPostprocessing = 0;
			shellPath = /bin/sh;
			shellScript = "\"${SRCROOT}/Pods/Target Support Files/Pods-spritekit-spine-sdkTests/Pods-spritekit-spine-sdkTests-frameworks.sh\"\n";
			showEnvVarsInLog = 0;
		};
		E7803BA7E4BACCD58280C742 /* Copy Pods Resources */ = {
			isa = PBXShellScriptBuildPhase;
			buildActionMask = 2147483647;
			files = (
			);
			inputPaths = (
			);
			name = "Copy Pods Resources";
			outputPaths = (
			);
			runOnlyForDeploymentPostprocessing = 0;
			shellPath = /bin/sh;
			shellScript = "\"${SRCROOT}/Pods/Target Support Files/Pods-spritekit-spine-sdk/Pods-spritekit-spine-sdk-resources.sh\"\n";
			showEnvVarsInLog = 0;
		};
		E9AC40CBD9B0D5FBF5D6BCCF /* Embed Pods Frameworks */ = {
			isa = PBXShellScriptBuildPhase;
			buildActionMask = 2147483647;
			files = (
			);
			inputPaths = (
			);
			name = "Embed Pods Frameworks";
			outputPaths = (
			);
			runOnlyForDeploymentPostprocessing = 0;
			shellPath = /bin/sh;
			shellScript = "\"${SRCROOT}/Pods/Target Support Files/Pods-spritekit-spine-sdk/Pods-spritekit-spine-sdk-frameworks.sh\"\n";
			showEnvVarsInLog = 0;
		};
/* End PBXShellScriptBuildPhase section */

/* Begin PBXSourcesBuildPhase section */
		AFE6FEB31C25B69500F3C05B /* Sources */ = {
			isa = PBXSourcesBuildPhase;
			buildActionMask = 2147483647;
			files = (
				AFFA980B1C27181500C7EB2E /* Event.swift in Sources */,
				AFFA97D81C260B0600C7EB2E /* Skin.swift in Sources */,
				AFFA97FB1C260C4F00C7EB2E /* AppDelegate.swift in Sources */,
				AFFA97DC1C260B0600C7EB2E /* Skeleton.swift in Sources */,
				AF594A0D1C3478DA00734C1C /* DrawOrderKeyFrame.swift in Sources */,
				AFFA97E91C260B2A00C7EB2E /* SpineBuilder.swift in Sources */,
				AF594A0F1C347A2500734C1C /* SlotTimeline.swift in Sources */,
				AFFA97A01C26094200C7EB2E /* ViewController.swift in Sources */,
				AFFA97C41C260AEA00C7EB2E /* SpineParse.swift in Sources */,
				AFFA97D21C260B0600C7EB2E /* Attachment.swift in Sources */,
				AF594A061C34739500734C1C /* AttachmentKeyFrame.swift in Sources */,
				AFFA97D61C260B0600C7EB2E /* Curve.swift in Sources */,
				AFC35AD81C28C53D003696C4 /* JSONDecodable.swift in Sources */,
				AF594A111C347A4800734C1C /* BoneTimeline.swift in Sources */,
				AFFA97DA1C260B0600C7EB2E /* Slot.swift in Sources */,
				AF594A091C34759200734C1C /* ColorTransitionKeyFrame.swift in Sources */,
				AFC35AD61C28C53D003696C4 /* FileHelper.swift in Sources */,
				AFFA97D41C260B0600C7EB2E /* Bone.swift in Sources */,
				AFFA97BD1C260AD800C7EB2E /* AtlasBuilder.swift in Sources */,
				AFC35ADC1C28C53D003696C4 /* UIColoFromHexString.swift in Sources */,
				AF594A0B1C34784A00734C1C /* DrawOrderOffset.swift in Sources */,
				AFFA97E01C260B0600C7EB2E /* TransformationKeyFrame.swift in Sources */,
				AFFA97D01C260B0600C7EB2E /* Animation.swift in Sources */,
			);
			runOnlyForDeploymentPostprocessing = 0;
		};
		AFE6FEC71C25B69500F3C05B /* Sources */ = {
			isa = PBXSourcesBuildPhase;
			buildActionMask = 2147483647;
			files = (
				AFFA97FC1C260C4F00C7EB2E /* AppDelegate.swift in Sources */,
				AFFA98011C26105C00C7EB2E /* AtlasBuilderTests.swift in Sources */,
				AFC35AC11C288AD9003696C4 /* Animation.swift in Sources */,
				AFFA97C51C260AEF00C7EB2E /* SpineParse.swift in Sources */,
				AFC35AC01C288AD5003696C4 /* Attachment.swift in Sources */,
				AFFA97DB1C260B0600C7EB2E /* Slot.swift in Sources */,
				AFFA97D71C260B0600C7EB2E /* Curve.swift in Sources */,
				AFFA97D91C260B0600C7EB2E /* Skin.swift in Sources */,
				AFC35AD91C28C53D003696C4 /* JSONDecodable.swift in Sources */,
				AFFA97DD1C260B0600C7EB2E /* Skeleton.swift in Sources */,
				AFC35AC21C288AE0003696C4 /* Event.swift in Sources */,
				AFC35ABF1C288AC8003696C4 /* Bone.swift in Sources */,
				AFFA97F81C260BCF00C7EB2E /* SpineParseTests.swift in Sources */,
				AFC35AD71C28C53D003696C4 /* FileHelper.swift in Sources */,
				AFFA97C01C260ADD00C7EB2E /* AtlasBuilder.swift in Sources */,
				AFFA98051C26172200C7EB2E /* SpineBuilder.swift in Sources */,
				AFC35ABE1C288A68003696C4 /* TransformationKeyFrame.swift in Sources */,
				AFC35ADD1C28C53D003696C4 /* UIColoFromHexString.swift in Sources */,
			);
			runOnlyForDeploymentPostprocessing = 0;
		};
		AFE6FED21C25B69500F3C05B /* Sources */ = {
			isa = PBXSourcesBuildPhase;
			buildActionMask = 2147483647;
			files = (
			);
			runOnlyForDeploymentPostprocessing = 0;
		};
/* End PBXSourcesBuildPhase section */

/* Begin PBXTargetDependency section */
		AFE6FECD1C25B69500F3C05B /* PBXTargetDependency */ = {
			isa = PBXTargetDependency;
			target = AFE6FEB61C25B69500F3C05B /* spritekit-spine-sdk */;
			targetProxy = AFE6FECC1C25B69500F3C05B /* PBXContainerItemProxy */;
		};
		AFE6FED81C25B69500F3C05B /* PBXTargetDependency */ = {
			isa = PBXTargetDependency;
			target = AFE6FEB61C25B69500F3C05B /* spritekit-spine-sdk */;
			targetProxy = AFE6FED71C25B69500F3C05B /* PBXContainerItemProxy */;
		};
/* End PBXTargetDependency section */

/* Begin XCBuildConfiguration section */
		AFE6FEDD1C25B69500F3C05B /* Debug */ = {
			isa = XCBuildConfiguration;
			buildSettings = {
				ALWAYS_SEARCH_USER_PATHS = NO;
				CLANG_CXX_LANGUAGE_STANDARD = "gnu++0x";
				CLANG_CXX_LIBRARY = "libc++";
				CLANG_ENABLE_MODULES = YES;
				CLANG_ENABLE_OBJC_ARC = YES;
				CLANG_WARN_BOOL_CONVERSION = YES;
				CLANG_WARN_CONSTANT_CONVERSION = YES;
				CLANG_WARN_DIRECT_OBJC_ISA_USAGE = YES_ERROR;
				CLANG_WARN_EMPTY_BODY = YES;
				CLANG_WARN_ENUM_CONVERSION = YES;
				CLANG_WARN_INT_CONVERSION = YES;
				CLANG_WARN_OBJC_ROOT_CLASS = YES_ERROR;
				CLANG_WARN_UNREACHABLE_CODE = YES;
				CLANG_WARN__DUPLICATE_METHOD_MATCH = YES;
				"CODE_SIGN_IDENTITY[sdk=iphoneos*]" = "iPhone Developer";
				COPY_PHASE_STRIP = NO;
				DEBUG_INFORMATION_FORMAT = dwarf;
				ENABLE_STRICT_OBJC_MSGSEND = YES;
				ENABLE_TESTABILITY = YES;
				GCC_C_LANGUAGE_STANDARD = gnu99;
				GCC_DYNAMIC_NO_PIC = NO;
				GCC_NO_COMMON_BLOCKS = YES;
				GCC_OPTIMIZATION_LEVEL = 0;
				GCC_PREPROCESSOR_DEFINITIONS = (
					"DEBUG=1",
					"$(inherited)",
				);
				GCC_WARN_64_TO_32_BIT_CONVERSION = YES;
				GCC_WARN_ABOUT_RETURN_TYPE = YES_ERROR;
				GCC_WARN_UNDECLARED_SELECTOR = YES;
				GCC_WARN_UNINITIALIZED_AUTOS = YES_AGGRESSIVE;
				GCC_WARN_UNUSED_FUNCTION = YES;
				GCC_WARN_UNUSED_VARIABLE = YES;
				IPHONEOS_DEPLOYMENT_TARGET = 9.2;
				MTL_ENABLE_DEBUG_INFO = YES;
				ONLY_ACTIVE_ARCH = YES;
				SDKROOT = iphoneos;
				SWIFT_OPTIMIZATION_LEVEL = "-Onone";
				TARGETED_DEVICE_FAMILY = "1,2";
			};
			name = Debug;
		};
		AFE6FEDE1C25B69500F3C05B /* Release */ = {
			isa = XCBuildConfiguration;
			buildSettings = {
				ALWAYS_SEARCH_USER_PATHS = NO;
				CLANG_CXX_LANGUAGE_STANDARD = "gnu++0x";
				CLANG_CXX_LIBRARY = "libc++";
				CLANG_ENABLE_MODULES = YES;
				CLANG_ENABLE_OBJC_ARC = YES;
				CLANG_WARN_BOOL_CONVERSION = YES;
				CLANG_WARN_CONSTANT_CONVERSION = YES;
				CLANG_WARN_DIRECT_OBJC_ISA_USAGE = YES_ERROR;
				CLANG_WARN_EMPTY_BODY = YES;
				CLANG_WARN_ENUM_CONVERSION = YES;
				CLANG_WARN_INT_CONVERSION = YES;
				CLANG_WARN_OBJC_ROOT_CLASS = YES_ERROR;
				CLANG_WARN_UNREACHABLE_CODE = YES;
				CLANG_WARN__DUPLICATE_METHOD_MATCH = YES;
				"CODE_SIGN_IDENTITY[sdk=iphoneos*]" = "iPhone Developer";
				COPY_PHASE_STRIP = NO;
				DEBUG_INFORMATION_FORMAT = "dwarf-with-dsym";
				ENABLE_NS_ASSERTIONS = NO;
				ENABLE_STRICT_OBJC_MSGSEND = YES;
				GCC_C_LANGUAGE_STANDARD = gnu99;
				GCC_NO_COMMON_BLOCKS = YES;
				GCC_WARN_64_TO_32_BIT_CONVERSION = YES;
				GCC_WARN_ABOUT_RETURN_TYPE = YES_ERROR;
				GCC_WARN_UNDECLARED_SELECTOR = YES;
				GCC_WARN_UNINITIALIZED_AUTOS = YES_AGGRESSIVE;
				GCC_WARN_UNUSED_FUNCTION = YES;
				GCC_WARN_UNUSED_VARIABLE = YES;
				IPHONEOS_DEPLOYMENT_TARGET = 9.2;
				MTL_ENABLE_DEBUG_INFO = NO;
				SDKROOT = iphoneos;
				TARGETED_DEVICE_FAMILY = "1,2";
				VALIDATE_PRODUCT = YES;
			};
			name = Release;
		};
		AFE6FEE01C25B69500F3C05B /* Debug */ = {
			isa = XCBuildConfiguration;
			baseConfigurationReference = 76E599648664252228A3A078 /* Pods-spritekit-spine-sdk.debug.xcconfig */;
			buildSettings = {
				ASSETCATALOG_COMPILER_APPICON_NAME = AppIcon;
				CLANG_ENABLE_MODULES = YES;
				INFOPLIST_FILE = "spritekit-spine-sdk/Info.plist";
				LD_RUNPATH_SEARCH_PATHS = "$(inherited) @executable_path/Frameworks";
				PRODUCT_BUNDLE_IDENTIFIER = "com.coldcool.spritekit-spine-sdk";
				PRODUCT_NAME = "$(TARGET_NAME)";
				SWIFT_OBJC_BRIDGING_HEADER = "spritekit-spine-sdk/main/spritekit-spine-sdk-Bridging-Header.h";
				SWIFT_OPTIMIZATION_LEVEL = "-Onone";
			};
			name = Debug;
		};
		AFE6FEE11C25B69500F3C05B /* Release */ = {
			isa = XCBuildConfiguration;
			baseConfigurationReference = D9364CCF4F3CF966D6C685C5 /* Pods-spritekit-spine-sdk.release.xcconfig */;
			buildSettings = {
				ASSETCATALOG_COMPILER_APPICON_NAME = AppIcon;
				CLANG_ENABLE_MODULES = YES;
				INFOPLIST_FILE = "spritekit-spine-sdk/Info.plist";
				LD_RUNPATH_SEARCH_PATHS = "$(inherited) @executable_path/Frameworks";
				PRODUCT_BUNDLE_IDENTIFIER = "com.coldcool.spritekit-spine-sdk";
				PRODUCT_NAME = "$(TARGET_NAME)";
				SWIFT_OBJC_BRIDGING_HEADER = "spritekit-spine-sdk/main/spritekit-spine-sdk-Bridging-Header.h";
			};
			name = Release;
		};
		AFE6FEE31C25B69500F3C05B /* Debug */ = {
			isa = XCBuildConfiguration;
			baseConfigurationReference = 328361F80DC0F08B167CEB66 /* Pods-spritekit-spine-sdkTests.debug.xcconfig */;
			buildSettings = {
				BUNDLE_LOADER = "$(TEST_HOST)";
				INFOPLIST_FILE = "spritekit-spine-sdkTests/Info.plist";
				LD_RUNPATH_SEARCH_PATHS = "$(inherited) @executable_path/Frameworks @loader_path/Frameworks";
				PRODUCT_BUNDLE_IDENTIFIER = "com.coldcool.spritekit-spine-sdkTests";
				PRODUCT_NAME = "$(TARGET_NAME)";
				TEST_HOST = "$(BUILT_PRODUCTS_DIR)/spritekit-spine-sdk.app/spritekit-spine-sdk";
			};
			name = Debug;
		};
		AFE6FEE41C25B69500F3C05B /* Release */ = {
			isa = XCBuildConfiguration;
			baseConfigurationReference = C1BC88533B6110C7615961CD /* Pods-spritekit-spine-sdkTests.release.xcconfig */;
			buildSettings = {
				BUNDLE_LOADER = "$(TEST_HOST)";
				INFOPLIST_FILE = "spritekit-spine-sdkTests/Info.plist";
				LD_RUNPATH_SEARCH_PATHS = "$(inherited) @executable_path/Frameworks @loader_path/Frameworks";
				PRODUCT_BUNDLE_IDENTIFIER = "com.coldcool.spritekit-spine-sdkTests";
				PRODUCT_NAME = "$(TARGET_NAME)";
				TEST_HOST = "$(BUILT_PRODUCTS_DIR)/spritekit-spine-sdk.app/spritekit-spine-sdk";
			};
			name = Release;
		};
		AFE6FEE61C25B69500F3C05B /* Debug */ = {
			isa = XCBuildConfiguration;
			baseConfigurationReference = AADCF618375CEE16E9AA3223 /* Pods-spritekit-spine-sdkUITests.debug.xcconfig */;
			buildSettings = {
				INFOPLIST_FILE = "spritekit-spine-sdkUITests/Info.plist";
				LD_RUNPATH_SEARCH_PATHS = "$(inherited) @executable_path/Frameworks @loader_path/Frameworks";
				PRODUCT_BUNDLE_IDENTIFIER = "com.coldcool.spritekit-spine-sdkUITests";
				PRODUCT_NAME = "$(TARGET_NAME)";
				TEST_TARGET_NAME = "spritekit-spine-sdk";
				USES_XCTRUNNER = YES;
			};
			name = Debug;
		};
		AFE6FEE71C25B69500F3C05B /* Release */ = {
			isa = XCBuildConfiguration;
			baseConfigurationReference = 7A613556B70DFEB330B2E2C1 /* Pods-spritekit-spine-sdkUITests.release.xcconfig */;
			buildSettings = {
				INFOPLIST_FILE = "spritekit-spine-sdkUITests/Info.plist";
				LD_RUNPATH_SEARCH_PATHS = "$(inherited) @executable_path/Frameworks @loader_path/Frameworks";
				PRODUCT_BUNDLE_IDENTIFIER = "com.coldcool.spritekit-spine-sdkUITests";
				PRODUCT_NAME = "$(TARGET_NAME)";
				TEST_TARGET_NAME = "spritekit-spine-sdk";
				USES_XCTRUNNER = YES;
			};
			name = Release;
		};
/* End XCBuildConfiguration section */

/* Begin XCConfigurationList section */
		AFE6FEB21C25B69500F3C05B /* Build configuration list for PBXProject "spritekit-spine-sdk" */ = {
			isa = XCConfigurationList;
			buildConfigurations = (
				AFE6FEDD1C25B69500F3C05B /* Debug */,
				AFE6FEDE1C25B69500F3C05B /* Release */,
			);
			defaultConfigurationIsVisible = 0;
			defaultConfigurationName = Release;
		};
		AFE6FEDF1C25B69500F3C05B /* Build configuration list for PBXNativeTarget "spritekit-spine-sdk" */ = {
			isa = XCConfigurationList;
			buildConfigurations = (
				AFE6FEE01C25B69500F3C05B /* Debug */,
				AFE6FEE11C25B69500F3C05B /* Release */,
			);
			defaultConfigurationIsVisible = 0;
			defaultConfigurationName = Release;
		};
		AFE6FEE21C25B69500F3C05B /* Build configuration list for PBXNativeTarget "spritekit-spine-sdkTests" */ = {
			isa = XCConfigurationList;
			buildConfigurations = (
				AFE6FEE31C25B69500F3C05B /* Debug */,
				AFE6FEE41C25B69500F3C05B /* Release */,
			);
			defaultConfigurationIsVisible = 0;
			defaultConfigurationName = Release;
		};
		AFE6FEE51C25B69500F3C05B /* Build configuration list for PBXNativeTarget "spritekit-spine-sdkUITests" */ = {
			isa = XCConfigurationList;
			buildConfigurations = (
				AFE6FEE61C25B69500F3C05B /* Debug */,
				AFE6FEE71C25B69500F3C05B /* Release */,
			);
			defaultConfigurationIsVisible = 0;
			defaultConfigurationName = Release;
		};
/* End XCConfigurationList section */
	};
	rootObject = AFE6FEAF1C25B69500F3C05B /* Project object */;
}
